<?xml version="1.0" encoding="utf-8"?>
<Project ToolsVersion="4.0" xmlns="http://schemas.microsoft.com/developer/msbuild/2003">
  <ItemGroup>
    <Filter Include="00. MainApp">
      <UniqueIdentifier>{ea571853-10f6-498d-8db3-a84f1e63be25}</UniqueIdentifier>
    </Filter>
    <Filter Include="01. Levels">
      <UniqueIdentifier>{41737d75-a3f4-49a2-bfe1-7c40427fd92a}</UniqueIdentifier>
    </Filter>
    <Filter Include="01. Levels\00. Logo">
      <UniqueIdentifier>{0a9af330-4e7c-4802-824d-d4e30c61afef}</UniqueIdentifier>
    </Filter>
    <Filter Include="01. Levels\01. Loading">
      <UniqueIdentifier>{d8e060e9-e669-4d0a-8c0e-185ef608a9a2}</UniqueIdentifier>
    </Filter>
    <Filter Include="01. Levels\02. GamePlay">
      <UniqueIdentifier>{c12455ef-6cfe-499f-b791-86e26c78f8d9}</UniqueIdentifier>
    </Filter>
    <Filter Include="02. GameObject">
      <UniqueIdentifier>{486f33b8-c1a5-4ec9-a2fd-0e1e8b3bcc59}</UniqueIdentifier>
    </Filter>
    <Filter Include="99. Defines">
      <UniqueIdentifier>{80a334db-2690-4721-8746-0845aa02fa97}</UniqueIdentifier>
    </Filter>
    <Filter Include="01. Levels\01. Loading\Loader">
      <UniqueIdentifier>{5ecc6eb9-23ca-4404-918d-4b06cae11eed}</UniqueIdentifier>
    </Filter>
    <Filter Include="97. ShaderFiles">
      <UniqueIdentifier>{db9322e4-f182-4406-afe3-02f8aa734632}</UniqueIdentifier>
    </Filter>
    <Filter Include="98. Default">
      <UniqueIdentifier>{a97b6699-e59f-4c44-b3a0-c19e9eacdd66}</UniqueIdentifier>
    </Filter>
    <Filter Include="02. GameObject\Fork">
      <UniqueIdentifier>{fe403a0d-ad15-4c60-84c2-7367a1b4a2e2}</UniqueIdentifier>
    </Filter>
    <Filter Include="96. Manager">
      <UniqueIdentifier>{edca29e2-7202-4a6c-84a8-0523e7035bf1}</UniqueIdentifier>
    </Filter>
    <Filter Include="95. UI">
      <UniqueIdentifier>{aed76657-f922-4084-baff-c38c164f1dd1}</UniqueIdentifier>
    </Filter>
    <Filter Include="95. UI\LoadingLogo">
      <UniqueIdentifier>{184e8c22-d5eb-4566-8ed8-127445ab6810}</UniqueIdentifier>
    </Filter>
    <Filter Include="95. UI\MainMenu">
      <UniqueIdentifier>{8f795fbd-3d09-4c1d-8756-dfb0d5ed6a74}</UniqueIdentifier>
    </Filter>
    <Filter Include="95. UI\LoadingBar">
      <UniqueIdentifier>{52f24ace-c83e-4b95-b03f-38592fac4cd0}</UniqueIdentifier>
    </Filter>
    <Filter Include="96. Manager\Key">
      <UniqueIdentifier>{5fc47aaf-9397-4a9f-a64b-ad9199b66306}</UniqueIdentifier>
    </Filter>
    <Filter Include="02. GameObject\99.Camera">
      <UniqueIdentifier>{aa040e6e-12b4-48a7-bfa0-6ca377555fac}</UniqueIdentifier>
    </Filter>
    <Filter Include="02. GameObject\99.Camera\Default">
      <UniqueIdentifier>{5597a8c3-24c5-4327-bdb5-f09f76178ea2}</UniqueIdentifier>
    </Filter>
    <Filter Include="02. GameObject\99.Camera\First">
      <UniqueIdentifier>{b7a0ce7b-2b1e-4a01-a71a-edd1d68001c2}</UniqueIdentifier>
    </Filter>
    <Filter Include="02. GameObject\98.Terrain">
      <UniqueIdentifier>{43b1b72b-67fd-4855-b281-2a554f2cca19}</UniqueIdentifier>
    </Filter>
    <Filter Include="02. GameObject\04.MapObject">
      <UniqueIdentifier>{30905740-ea9e-4dcf-bffa-cedff1fd71d5}</UniqueIdentifier>
    </Filter>
    <Filter Include="02. GameObject\04.MapObject\Bed">
      <UniqueIdentifier>{10a9792c-7dd0-4993-801d-aff5e38f9610}</UniqueIdentifier>
    </Filter>
    <Filter Include="02. GameObject\Effect">
      <UniqueIdentifier>{cc19fb81-3011-497c-ae75-1ec1275b8344}</UniqueIdentifier>
    </Filter>
    <Filter Include="02. GameObject\Effect\Rect">
      <UniqueIdentifier>{7cd44e1b-b2a2-4356-9b2f-4d0c6b6e6a05}</UniqueIdentifier>
    </Filter>
    <Filter Include="02. GameObject\Effect\Point">
      <UniqueIdentifier>{d1750ae0-7d40-4349-8122-640d29fe6092}</UniqueIdentifier>
    </Filter>
  </ItemGroup>
  <ItemGroup>
    <Text Include="ReadMe.txt" />
  </ItemGroup>
  <ItemGroup>
    <ClInclude Include="Client.h">
      <Filter>98. Default</Filter>
    </ClInclude>
    <ClInclude Include="Resource.h">
      <Filter>98. Default</Filter>
    </ClInclude>
    <ClInclude Include="stdafx.h">
      <Filter>98. Default</Filter>
    </ClInclude>
    <ClInclude Include="targetver.h">
      <Filter>98. Default</Filter>
    </ClInclude>
    <ClInclude Include="..\Public\MainApp.h">
      <Filter>00. MainApp</Filter>
    </ClInclude>
    <ClInclude Include="..\Public\Client_Defines.h">
      <Filter>99. Defines</Filter>
    </ClInclude>
    <ClInclude Include="..\Public\Level_GamePlay.h">
      <Filter>01. Levels\02. GamePlay</Filter>
    </ClInclude>
    <ClInclude Include="..\Public\Level_Loading.h">
      <Filter>01. Levels\01. Loading</Filter>
    </ClInclude>
    <ClInclude Include="..\Public\Level_Logo.h">
      <Filter>01. Levels\00. Logo</Filter>
    </ClInclude>
    <ClInclude Include="..\Public\Loader.h">
      <Filter>01. Levels\01. Loading\Loader</Filter>
    </ClInclude>
    <ClInclude Include="..\Public\Terrain.h">
      <Filter>02. GameObject\98.Terrain</Filter>
    </ClInclude>
    <ClInclude Include="..\Public\Fork.h">
      <Filter>02. GameObject\Fork</Filter>
    </ClInclude>
    <ClInclude Include="Client_Object.h">
      <Filter>99. Defines</Filter>
    </ClInclude>
    <ClInclude Include="..\Public\Camera_Default.h">
      <Filter>02. GameObject\99.Camera\Default</Filter>
    </ClInclude>
    <ClInclude Include="..\Public\Camera_First.h">
      <Filter>02. GameObject\99.Camera\First</Filter>
    </ClInclude>
    <ClInclude Include="..\Public\BackGround.h">
      <Filter>95. UI\MainMenu</Filter>
    </ClInclude>
    <ClInclude Include="..\Public\LoadingLogo.h">
      <Filter>95. UI\LoadingLogo</Filter>
    </ClInclude>
    <ClInclude Include="..\Public\LoadingBar.h">
      <Filter>95. UI\LoadingBar</Filter>
    </ClInclude>
    <ClInclude Include="KeyMgr.h">
      <Filter>96. Manager\Key</Filter>
    </ClInclude>
    <ClInclude Include="..\Public\Bed.h">
      <Filter>02. GameObject\04.MapObject\Bed</Filter>
    </ClInclude>
    <ClInclude Include="..\Bin\ShaderFiles\Shader_Defines.hpp">
      <Filter>97. ShaderFiles</Filter>
    </ClInclude>
    <ClInclude Include="..\Public\Point_Effect.h">
      <Filter>02. GameObject\Effect\Point</Filter>
    </ClInclude>
    <ClInclude Include="..\Public\Rect_Effect.h">
      <Filter>02. GameObject\Effect\Rect</Filter>
    </ClInclude>
  </ItemGroup>
  <ItemGroup>
    <ClCompile Include="Client.cpp">
      <Filter>98. Default</Filter>
    </ClCompile>
    <ClCompile Include="stdafx.cpp">
      <Filter>98. Default</Filter>
    </ClCompile>
    <ClCompile Include="..\Private\MainApp.cpp">
      <Filter>00. MainApp</Filter>
    </ClCompile>
    <ClCompile Include="..\Private\Level_GamePlay.cpp">
      <Filter>01. Levels\02. GamePlay</Filter>
    </ClCompile>
    <ClCompile Include="..\Private\Level_Loading.cpp">
      <Filter>01. Levels\01. Loading</Filter>
    </ClCompile>
    <ClCompile Include="..\Private\Level_Logo.cpp">
      <Filter>01. Levels\00. Logo</Filter>
    </ClCompile>
    <ClCompile Include="..\Private\Loader.cpp">
      <Filter>01. Levels\01. Loading\Loader</Filter>
    </ClCompile>
    <ClCompile Include="..\Private\Terrain.cpp">
      <Filter>02. GameObject\98.Terrain</Filter>
    </ClCompile>
    <ClCompile Include="..\Private\Fork.cpp">
      <Filter>02. GameObject\Fork</Filter>
    </ClCompile>
    <ClCompile Include="..\Private\Camera_Default.cpp">
      <Filter>02. GameObject\99.Camera\Default</Filter>
    </ClCompile>
    <ClCompile Include="..\Private\Camera_First.cpp">
      <Filter>02. GameObject\99.Camera\First</Filter>
    </ClCompile>
    <ClCompile Include="..\Private\BackGround.cpp">
      <Filter>95. UI\MainMenu</Filter>
    </ClCompile>
    <ClCompile Include="..\Private\LoadingLogo.cpp">
      <Filter>95. UI\LoadingLogo</Filter>
    </ClCompile>
    <ClCompile Include="..\Private\LoadingBar.cpp">
      <Filter>95. UI\LoadingBar</Filter>
    </ClCompile>
    <ClCompile Include="KeyMgr.cpp">
      <Filter>96. Manager\Key</Filter>
    </ClCompile>
    <ClCompile Include="..\Private\Bed.cpp">
      <Filter>02. GameObject\04.MapObject\Bed</Filter>
    </ClCompile>
    <ClCompile Include="..\Private\Point_Effect.cpp">
      <Filter>02. GameObject\Effect\Point</Filter>
    </ClCompile>
    <ClCompile Include="..\Private\Rect_Effect.cpp">
      <Filter>02. GameObject\Effect\Rect</Filter>
    </ClCompile>
  </ItemGroup>
  <ItemGroup>
    <Image Include="Client.ico">
      <Filter>98. Default</Filter>
    </Image>
    <Image Include="small.ico">
      <Filter>98. Default</Filter>
    </Image>
  </ItemGroup>
  <ItemGroup>
    <ResourceCompile Include="Client.rc">
      <Filter>98. Default</Filter>
    </ResourceCompile>
  </ItemGroup>
  <ItemGroup>
    <FxCompile Include="..\Bin\ShaderFiles\Shader_VtxAnim.hlsl">
      <Filter>97. ShaderFiles</Filter>
    </FxCompile>
    <FxCompile Include="..\Bin\ShaderFiles\Shader_VtxCube.hlsl">
      <Filter>97. ShaderFiles</Filter>
    </FxCompile>
    <FxCompile Include="..\Bin\ShaderFiles\Shader_VtxInstance.hlsl">
      <Filter>97. ShaderFiles</Filter>
    </FxCompile>
    <FxCompile Include="..\Bin\ShaderFiles\Shader_VtxNonAnim.hlsl">
      <Filter>97. ShaderFiles</Filter>
    </FxCompile>
    <FxCompile Include="..\Bin\ShaderFiles\Shader_VtxNorTex.hlsl">
      <Filter>97. ShaderFiles</Filter>
    </FxCompile>
    <FxCompile Include="..\Bin\ShaderFiles\Shader_VtxTex.hlsl">
      <Filter>97. ShaderFiles</Filter>
    </FxCompile>
  </ItemGroup>
</Project>